
Microsoft Visual Studio Solution File, Format Version 12.00
# Visual Studio Version 17
VisualStudioVersion = 17.0.31903.59
MinimumVisualStudioVersion = 10.0.40219.1
Project("{FAE04EC0-301F-11D3-BF4B-00C04F79EFBC}") = "CosmicRunnerFront", "CosmicRunnerFront\CosmicRunnerFront.csproj", "{B7A28751-7C5B-4A58-A0EE-9E9F5D3F41AB}"
EndProject
Global
	GlobalSection(SolutionConfigurationPlatforms) = preSolution
		Debug|Any CPU = Debug|Any CPU
		Release|Any CPU = Release|Any CPU
	EndGlobalSection
	GlobalSection(SolutionProperties) = preSolution
		HideSolutionNode = FALSE
	EndGlobalSection
	GlobalSection(ProjectConfigurationPlatforms) = postSolution
		{B7A28751-7C5B-4A58-A0EE-9E9F5D3F41AB}.Debug|Any CPU.ActiveCfg = Debug|Any CPU
		{B7A28751-7C5B-4A58-A0EE-9E9F5D3F41AB}.Debug|Any CPU.Build.0 = Debug|Any CPU
		{B7A28751-7C5B-4A58-A0EE-9E9F5D3F41AB}.Release|Any CPU.ActiveCfg = Release|Any CPU
		{B7A28751-7C5B-4A58-A0EE-9E9F5D3F41AB}.Release|Any CPU.Build.0 = Release|Any CPU
	EndGlobalSection
EndGlobal
